
Microsoft Visual Studio Solution File, Format Version 12.00
# Visual Studio Version 17
VisualStudioVersion = 17.0.31903.59
MinimumVisualStudioVersion = 10.0.40219.1
Project("{FAE04EC0-301F-11D3-BF4B-00C04F79EFBC}") = "CShLabWorks.App", "CShLabWorks.App\CShLabWorks.App.csproj", "{9D8B706C-3DED-4CCE-9DFC-48487B0F4331}"
EndProject
Project("{FAE04EC0-301F-11D3-BF4B-00C04F79EFBC}") = "CShLabWorks.First", "CShLabWorks.First\CShLabWorks.First.csproj", "{00ED4E75-516C-42CB-B5E5-429703B0E601}"
EndProject
Project("{FAE04EC0-301F-11D3-BF4B-00C04F79EFBC}") = "CShLabWorks.Second", "CShLabWorks.Second\CShLabWorks.Second.csproj", "{C6BFEDCC-D3B6-48D9-80A0-B8AFC5818181}"
EndProject
Project("{FAE04EC0-301F-11D3-BF4B-00C04F79EFBC}") = "CShLabWorks.Third.Plugins.Host", "CShLabWorks.Third.Plugins.Host\CShLabWorks.Third.Plugins.Host.csproj", "{AA566D6B-7017-4361-82D1-7019F04558EF}"
EndProject
Project("{FAE04EC0-301F-11D3-BF4B-00C04F79EFBC}") = "CShLabWorks.Third.Plugins.Lib", "CShLabWorks.Third.Plugins.Lib\CShLabWorks.Third.Plugins.Lib.csproj", "{8CE3F40C-0E9C-4C12-BD7C-BE2ACBB1228B}"
EndProject
Project("{FAE04EC0-301F-11D3-BF4B-00C04F79EFBC}") = "CShLabWorks.Third.Plugins.Files", "CShLabWorks.Third.Plugins.Files\CShLabWorks.Third.Plugins.Files.csproj", "{E67C3F4B-742D-483E-884D-9B6211ED9E44}"
EndProject
Project("{FAE04EC0-301F-11D3-BF4B-00C04F79EFBC}") = "CShLabWorks.Third.Plugins.Math", "CShLabWorks.Third.Plugins.Math\CShLabWorks.Third.Plugins.Math.csproj", "{E9C3D19B-BB70-4D57-A9B8-FEE7F5634486}"
EndProject
Project("{FAE04EC0-301F-11D3-BF4B-00C04F79EFBC}") = "CShLabWorks.Fourth", "CShLabWorks.Fourth\CShLabWorks.Fourth.csproj", "{3CFB5DF0-0D5B-45CA-9D27-B5904FF15EBC}"
EndProject
Global
	GlobalSection(SolutionConfigurationPlatforms) = preSolution
		Debug|Any CPU = Debug|Any CPU
		Release|Any CPU = Release|Any CPU
	EndGlobalSection
	GlobalSection(SolutionProperties) = preSolution
		HideSolutionNode = FALSE
	EndGlobalSection
	GlobalSection(ProjectConfigurationPlatforms) = postSolution
		{9D8B706C-3DED-4CCE-9DFC-48487B0F4331}.Debug|Any CPU.ActiveCfg = Debug|Any CPU
		{9D8B706C-3DED-4CCE-9DFC-48487B0F4331}.Debug|Any CPU.Build.0 = Debug|Any CPU
		{9D8B706C-3DED-4CCE-9DFC-48487B0F4331}.Release|Any CPU.ActiveCfg = Release|Any CPU
		{9D8B706C-3DED-4CCE-9DFC-48487B0F4331}.Release|Any CPU.Build.0 = Release|Any CPU
		{00ED4E75-516C-42CB-B5E5-429703B0E601}.Debug|Any CPU.ActiveCfg = Debug|Any CPU
		{00ED4E75-516C-42CB-B5E5-429703B0E601}.Debug|Any CPU.Build.0 = Debug|Any CPU
		{00ED4E75-516C-42CB-B5E5-429703B0E601}.Release|Any CPU.ActiveCfg = Release|Any CPU
		{00ED4E75-516C-42CB-B5E5-429703B0E601}.Release|Any CPU.Build.0 = Release|Any CPU
		{C6BFEDCC-D3B6-48D9-80A0-B8AFC5818181}.Debug|Any CPU.ActiveCfg = Debug|Any CPU
		{C6BFEDCC-D3B6-48D9-80A0-B8AFC5818181}.Debug|Any CPU.Build.0 = Debug|Any CPU
		{C6BFEDCC-D3B6-48D9-80A0-B8AFC5818181}.Release|Any CPU.ActiveCfg = Release|Any CPU
		{C6BFEDCC-D3B6-48D9-80A0-B8AFC5818181}.Release|Any CPU.Build.0 = Release|Any CPU
		{AA566D6B-7017-4361-82D1-7019F04558EF}.Debug|Any CPU.ActiveCfg = Debug|Any CPU
		{AA566D6B-7017-4361-82D1-7019F04558EF}.Debug|Any CPU.Build.0 = Debug|Any CPU
		{AA566D6B-7017-4361-82D1-7019F04558EF}.Release|Any CPU.ActiveCfg = Release|Any CPU
		{AA566D6B-7017-4361-82D1-7019F04558EF}.Release|Any CPU.Build.0 = Release|Any CPU
		{8CE3F40C-0E9C-4C12-BD7C-BE2ACBB1228B}.Debug|Any CPU.ActiveCfg = Debug|Any CPU
		{8CE3F40C-0E9C-4C12-BD7C-BE2ACBB1228B}.Debug|Any CPU.Build.0 = Debug|Any CPU
		{8CE3F40C-0E9C-4C12-BD7C-BE2ACBB1228B}.Release|Any CPU.ActiveCfg = Release|Any CPU
		{8CE3F40C-0E9C-4C12-BD7C-BE2ACBB1228B}.Release|Any CPU.Build.0 = Release|Any CPU
		{E67C3F4B-742D-483E-884D-9B6211ED9E44}.Debug|Any CPU.ActiveCfg = Debug|Any CPU
		{E67C3F4B-742D-483E-884D-9B6211ED9E44}.Debug|Any CPU.Build.0 = Debug|Any CPU
		{E67C3F4B-742D-483E-884D-9B6211ED9E44}.Release|Any CPU.ActiveCfg = Release|Any CPU
		{E67C3F4B-742D-483E-884D-9B6211ED9E44}.Release|Any CPU.Build.0 = Release|Any CPU
		{E9C3D19B-BB70-4D57-A9B8-FEE7F5634486}.Debug|Any CPU.ActiveCfg = Debug|Any CPU
		{E9C3D19B-BB70-4D57-A9B8-FEE7F5634486}.Debug|Any CPU.Build.0 = Debug|Any CPU
		{E9C3D19B-BB70-4D57-A9B8-FEE7F5634486}.Release|Any CPU.ActiveCfg = Release|Any CPU
		{E9C3D19B-BB70-4D57-A9B8-FEE7F5634486}.Release|Any CPU.Build.0 = Release|Any CPU
		{3CFB5DF0-0D5B-45CA-9D27-B5904FF15EBC}.Debug|Any CPU.ActiveCfg = Debug|Any CPU
		{3CFB5DF0-0D5B-45CA-9D27-B5904FF15EBC}.Debug|Any CPU.Build.0 = Debug|Any CPU
		{3CFB5DF0-0D5B-45CA-9D27-B5904FF15EBC}.Release|Any CPU.ActiveCfg = Release|Any CPU
		{3CFB5DF0-0D5B-45CA-9D27-B5904FF15EBC}.Release|Any CPU.Build.0 = Release|Any CPU
	EndGlobalSection
EndGlobal
